// !$*UTF8*$!
{
	archiveVersion = 1;
	classes = {
	};
	objectVersion = 50;
	objects = {

/* Begin PBXBuildFile section */
		1F10E29523191B53005955EE /* AppDelegate.swift in Sources */ = {isa = PBXBuildFile; fileRef = 1F10E29423191B53005955EE /* AppDelegate.swift */; };
		1F10E29723191B53005955EE /* MainViewController.swift in Sources */ = {isa = PBXBuildFile; fileRef = 1F10E29623191B53005955EE /* MainViewController.swift */; };
		1F10E29A23191B53005955EE /* Main.storyboard in Resources */ = {isa = PBXBuildFile; fileRef = 1F10E29823191B53005955EE /* Main.storyboard */; };
		1F10E29C23191B54005955EE /* Assets.xcassets in Resources */ = {isa = PBXBuildFile; fileRef = 1F10E29B23191B54005955EE /* Assets.xcassets */; };
		1F10E29F23191B54005955EE /* LaunchScreen.storyboard in Resources */ = {isa = PBXBuildFile; fileRef = 1F10E29D23191B54005955EE /* LaunchScreen.storyboard */; };
		1F10E2A723191BBE005955EE /* TabBarController.swift in Sources */ = {isa = PBXBuildFile; fileRef = 1F10E2A623191BBE005955EE /* TabBarController.swift */; };
		1F10E2AB23191C5B005955EE /* RankingViewController.swift in Sources */ = {isa = PBXBuildFile; fileRef = 1F10E2A823191C5B005955EE /* RankingViewController.swift */; };
		1F10E2AC23191C5B005955EE /* BookMarkViewController.swift in Sources */ = {isa = PBXBuildFile; fileRef = 1F10E2AA23191C5B005955EE /* BookMarkViewController.swift */; };
		1F10E2AD23191C5B005955EE /* MyInfoViewController.swift in Sources */ = {isa = PBXBuildFile; fileRef = 1F10E2A923191C5B005955EE /* MyInfoViewController.swift */; };
		1F10E2AF23192631005955EE /* TopCollectionViewCell.swift in Sources */ = {isa = PBXBuildFile; fileRef = 1F10E2AE23192631005955EE /* TopCollectionViewCell.swift */; };
		1F10E2B1231938B8005955EE /* Metric.swift in Sources */ = {isa = PBXBuildFile; fileRef = 1F10E2B0231938B8005955EE /* Metric.swift */; };
		1F10E2B3231941BC005955EE /* GameCollectionViewCell.swift in Sources */ = {isa = PBXBuildFile; fileRef = 1F10E2B2231941BC005955EE /* GameCollectionViewCell.swift */; };
		1F10E2B723195668005955EE /* GameCollectionViewCellofCell.swift in Sources */ = {isa = PBXBuildFile; fileRef = 1F10E2B623195668005955EE /* GameCollectionViewCellofCell.swift */; };
		1F10E2BA23196054005955EE /* AvatarView.swift in Sources */ = {isa = PBXBuildFile; fileRef = 1F10E2B923196054005955EE /* AvatarView.swift */; };
		1F10E2C0231AF456005955EE /* RankingCollectionViewCell.swift in Sources */ = {isa = PBXBuildFile; fileRef = 1F10E2BF231AF456005955EE /* RankingCollectionViewCell.swift */; };
		1F10E2C4231AF6B2005955EE /* RankingUI.swift in Sources */ = {isa = PBXBuildFile; fileRef = 1F10E2C3231AF6B2005955EE /* RankingUI.swift */; };
		1F10E2C9231EAB97005955EE /* BookMarkFirstCell.swift in Sources */ = {isa = PBXBuildFile; fileRef = 1F10E2C8231EAB97005955EE /* BookMarkFirstCell.swift */; };
		1F10E2CB231EAC99005955EE /* Singleton.swift in Sources */ = {isa = PBXBuildFile; fileRef = 1F10E2CA231EAC99005955EE /* Singleton.swift */; };
		1F10E2CD23202051005955EE /* BookMarkUserOfFirstCell.swift in Sources */ = {isa = PBXBuildFile; fileRef = 1F10E2CC23202051005955EE /* BookMarkUserOfFirstCell.swift */; };
		1F10E2D1232029B4005955EE /* BookMarkGameCell.swift in Sources */ = {isa = PBXBuildFile; fileRef = 1F10E2D0232029B4005955EE /* BookMarkGameCell.swift */; };
/* End PBXBuildFile section */

/* Begin PBXFileReference section */
		1F10E29123191B53005955EE /* Wiz.app */ = {isa = PBXFileReference; explicitFileType = wrapper.application; includeInIndex = 0; path = Wiz.app; sourceTree = BUILT_PRODUCTS_DIR; };
		1F10E29423191B53005955EE /* AppDelegate.swift */ = {isa = PBXFileReference; lastKnownFileType = sourcecode.swift; path = AppDelegate.swift; sourceTree = "<group>"; };
		1F10E29623191B53005955EE /* MainViewController.swift */ = {isa = PBXFileReference; lastKnownFileType = sourcecode.swift; path = MainViewController.swift; sourceTree = "<group>"; };
		1F10E29923191B53005955EE /* Base */ = {isa = PBXFileReference; lastKnownFileType = file.storyboard; name = Base; path = Base.lproj/Main.storyboard; sourceTree = "<group>"; };
		1F10E29B23191B54005955EE /* Assets.xcassets */ = {isa = PBXFileReference; lastKnownFileType = folder.assetcatalog; path = Assets.xcassets; sourceTree = "<group>"; };
		1F10E29E23191B54005955EE /* Base */ = {isa = PBXFileReference; lastKnownFileType = file.storyboard; name = Base; path = Base.lproj/LaunchScreen.storyboard; sourceTree = "<group>"; };
		1F10E2A023191B54005955EE /* Info.plist */ = {isa = PBXFileReference; lastKnownFileType = text.plist.xml; path = Info.plist; sourceTree = "<group>"; };
		1F10E2A623191BBE005955EE /* TabBarController.swift */ = {isa = PBXFileReference; lastKnownFileType = sourcecode.swift; path = TabBarController.swift; sourceTree = "<group>"; };
		1F10E2A823191C5B005955EE /* RankingViewController.swift */ = {isa = PBXFileReference; lastKnownFileType = sourcecode.swift; path = RankingViewController.swift; sourceTree = "<group>"; };
		1F10E2A923191C5B005955EE /* MyInfoViewController.swift */ = {isa = PBXFileReference; lastKnownFileType = sourcecode.swift; path = MyInfoViewController.swift; sourceTree = "<group>"; };
		1F10E2AA23191C5B005955EE /* BookMarkViewController.swift */ = {isa = PBXFileReference; lastKnownFileType = sourcecode.swift; path = BookMarkViewController.swift; sourceTree = "<group>"; };
		1F10E2AE23192631005955EE /* TopCollectionViewCell.swift */ = {isa = PBXFileReference; lastKnownFileType = sourcecode.swift; path = TopCollectionViewCell.swift; sourceTree = "<group>"; };
		1F10E2B0231938B8005955EE /* Metric.swift */ = {isa = PBXFileReference; lastKnownFileType = sourcecode.swift; path = Metric.swift; sourceTree = "<group>"; };
		1F10E2B2231941BC005955EE /* GameCollectionViewCell.swift */ = {isa = PBXFileReference; lastKnownFileType = sourcecode.swift; path = GameCollectionViewCell.swift; sourceTree = "<group>"; };
		1F10E2B623195668005955EE /* GameCollectionViewCellofCell.swift */ = {isa = PBXFileReference; lastKnownFileType = sourcecode.swift; path = GameCollectionViewCellofCell.swift; sourceTree = "<group>"; };
		1F10E2B923196054005955EE /* AvatarView.swift */ = {isa = PBXFileReference; lastKnownFileType = sourcecode.swift; path = AvatarView.swift; sourceTree = "<group>"; };
		1F10E2BF231AF456005955EE /* RankingCollectionViewCell.swift */ = {isa = PBXFileReference; lastKnownFileType = sourcecode.swift; path = RankingCollectionViewCell.swift; sourceTree = "<group>"; };
		1F10E2C3231AF6B2005955EE /* RankingUI.swift */ = {isa = PBXFileReference; lastKnownFileType = sourcecode.swift; path = RankingUI.swift; sourceTree = "<group>"; };
		1F10E2C8231EAB97005955EE /* BookMarkFirstCell.swift */ = {isa = PBXFileReference; lastKnownFileType = sourcecode.swift; path = BookMarkFirstCell.swift; sourceTree = "<group>"; };
		1F10E2CA231EAC99005955EE /* Singleton.swift */ = {isa = PBXFileReference; lastKnownFileType = sourcecode.swift; path = Singleton.swift; sourceTree = "<group>"; };
		1F10E2CC23202051005955EE /* BookMarkUserOfFirstCell.swift */ = {isa = PBXFileReference; lastKnownFileType = sourcecode.swift; path = BookMarkUserOfFirstCell.swift; sourceTree = "<group>"; };
		1F10E2D0232029B4005955EE /* BookMarkGameCell.swift */ = {isa = PBXFileReference; lastKnownFileType = sourcecode.swift; path = BookMarkGameCell.swift; sourceTree = "<group>"; };
/* End PBXFileReference section */

/* Begin PBXFrameworksBuildPhase section */
		1F10E28E23191B53005955EE /* Frameworks */ = {
			isa = PBXFrameworksBuildPhase;
			buildActionMask = 2147483647;
			files = (
			);
			runOnlyForDeploymentPostprocessing = 0;
		};
/* End PBXFrameworksBuildPhase section */

/* Begin PBXGroup section */
		1F10E28823191B53005955EE = {
			isa = PBXGroup;
			children = (
				1F10E29323191B53005955EE /* Wiz */,
				1F10E29223191B53005955EE /* Products */,
			);
			sourceTree = "<group>";
		};
		1F10E29223191B53005955EE /* Products */ = {
			isa = PBXGroup;
			children = (
				1F10E29123191B53005955EE /* Wiz.app */,
			);
			name = Products;
			sourceTree = "<group>";
		};
		1F10E29323191B53005955EE /* Wiz */ = {
			isa = PBXGroup;
			children = (
				1F10E29423191B53005955EE /* AppDelegate.swift */,
				1F10E2A623191BBE005955EE /* TabBarController.swift */,
				1F10E2CA231EAC99005955EE /* Singleton.swift */,
				1F10E2C1231AF463005955EE /* Main */,
				1F10E2C2231AF49F005955EE /* Ranking */,
				1F10E2C5231EAB2F005955EE /* BookMark */,
				1F10E2A923191C5B005955EE /* MyInfoViewController.swift */,
				1F10E29823191B53005955EE /* Main.storyboard */,
				1F10E29B23191B54005955EE /* Assets.xcassets */,
				1F10E29D23191B54005955EE /* LaunchScreen.storyboard */,
				1F10E2A023191B54005955EE /* Info.plist */,
			);
			path = Wiz;
			sourceTree = "<group>";
		};
		1F10E2B4231955B3005955EE /* TopCollectionViewCell */ = {
			isa = PBXGroup;
			children = (
				1F10E2AE23192631005955EE /* TopCollectionViewCell.swift */,
			);
			path = TopCollectionViewCell;
			sourceTree = "<group>";
		};
		1F10E2B523195643005955EE /* GameCollectionView */ = {
			isa = PBXGroup;
			children = (
				1F10E2B2231941BC005955EE /* GameCollectionViewCell.swift */,
				1F10E2B623195668005955EE /* GameCollectionViewCellofCell.swift */,
			);
			path = GameCollectionView;
			sourceTree = "<group>";
		};
		1F10E2C1231AF463005955EE /* Main */ = {
			isa = PBXGroup;
			children = (
				1F10E2B0231938B8005955EE /* Metric.swift */,
				1F10E29623191B53005955EE /* MainViewController.swift */,
				1F10E2B4231955B3005955EE /* TopCollectionViewCell */,
				1F10E2B523195643005955EE /* GameCollectionView */,
				1F10E2B923196054005955EE /* AvatarView.swift */,
			);
			path = Main;
			sourceTree = "<group>";
		};
		1F10E2C2231AF49F005955EE /* Ranking */ = {
			isa = PBXGroup;
			children = (
				1F10E2A823191C5B005955EE /* RankingViewController.swift */,
				1F10E2BF231AF456005955EE /* RankingCollectionViewCell.swift */,
				1F10E2C3231AF6B2005955EE /* RankingUI.swift */,
			);
			path = Ranking;
			sourceTree = "<group>";
		};
		1F10E2C5231EAB2F005955EE /* BookMark */ = {
			isa = PBXGroup;
			children = (
				1F10E2AA23191C5B005955EE /* BookMarkViewController.swift */,
				1F10E2CE23202980005955EE /* User */,
				1F10E2CF2320298D005955EE /* Games */,
			);
			path = BookMark;
			sourceTree = "<group>";
		};
		1F10E2CE23202980005955EE /* User */ = {
			isa = PBXGroup;
			children = (
				1F10E2C8231EAB97005955EE /* BookMarkFirstCell.swift */,
				1F10E2CC23202051005955EE /* BookMarkUserOfFirstCell.swift */,
			);
			path = User;
			sourceTree = "<group>";
		};
		1F10E2CF2320298D005955EE /* Games */ = {
			isa = PBXGroup;
			children = (
				1F10E2D0232029B4005955EE /* BookMarkGameCell.swift */,
			);
			path = Games;
			sourceTree = "<group>";
		};
/* End PBXGroup section */

/* Begin PBXNativeTarget section */
		1F10E29023191B53005955EE /* Wiz */ = {
			isa = PBXNativeTarget;
			buildConfigurationList = 1F10E2A323191B54005955EE /* Build configuration list for PBXNativeTarget "Wiz" */;
			buildPhases = (
				1F10E28D23191B53005955EE /* Sources */,
				1F10E28E23191B53005955EE /* Frameworks */,
				1F10E28F23191B53005955EE /* Resources */,
			);
			buildRules = (
			);
			dependencies = (
			);
			name = Wiz;
			productName = Wiz;
			productReference = 1F10E29123191B53005955EE /* Wiz.app */;
			productType = "com.apple.product-type.application";
		};
/* End PBXNativeTarget section */

/* Begin PBXProject section */
		1F10E28923191B53005955EE /* Project object */ = {
			isa = PBXProject;
			attributes = {
				LastSwiftUpdateCheck = 1020;
				LastUpgradeCheck = 1020;
				ORGANIZATIONNAME = brian;
				TargetAttributes = {
					1F10E29023191B53005955EE = {
						CreatedOnToolsVersion = 10.2;
					};
				};
			};
			buildConfigurationList = 1F10E28C23191B53005955EE /* Build configuration list for PBXProject "Wiz" */;
			compatibilityVersion = "Xcode 9.3";
			developmentRegion = en;
			hasScannedForEncodings = 0;
			knownRegions = (
				en,
				Base,
			);
			mainGroup = 1F10E28823191B53005955EE;
			productRefGroup = 1F10E29223191B53005955EE /* Products */;
			projectDirPath = "";
			projectRoot = "";
			targets = (
				1F10E29023191B53005955EE /* Wiz */,
			);
		};
/* End PBXProject section */

/* Begin PBXResourcesBuildPhase section */
		1F10E28F23191B53005955EE /* Resources */ = {
			isa = PBXResourcesBuildPhase;
			buildActionMask = 2147483647;
			files = (
				1F10E29F23191B54005955EE /* LaunchScreen.storyboard in Resources */,
				1F10E29C23191B54005955EE /* Assets.xcassets in Resources */,
				1F10E29A23191B53005955EE /* Main.storyboard in Resources */,
			);
			runOnlyForDeploymentPostprocessing = 0;
		};
/* End PBXResourcesBuildPhase section */

/* Begin PBXSourcesBuildPhase section */
		1F10E28D23191B53005955EE /* Sources */ = {
			isa = PBXSourcesBuildPhase;
			buildActionMask = 2147483647;
			files = (
				1F10E2AF23192631005955EE /* TopCollectionViewCell.swift in Sources */,
				1F10E29723191B53005955EE /* MainViewController.swift in Sources */,
				1F10E2C9231EAB97005955EE /* BookMarkFirstCell.swift in Sources */,
				1F10E2A723191BBE005955EE /* TabBarController.swift in Sources */,
				1F10E2B1231938B8005955EE /* Metric.swift in Sources */,
				1F10E2BA23196054005955EE /* AvatarView.swift in Sources */,
				1F10E29523191B53005955EE /* AppDelegate.swift in Sources */,
				1F10E2C4231AF6B2005955EE /* RankingUI.swift in Sources */,
				1F10E2B3231941BC005955EE /* GameCollectionViewCell.swift in Sources */,
				1F10E2D1232029B4005955EE /* BookMarkGameCell.swift in Sources */,
				1F10E2AC23191C5B005955EE /* BookMarkViewController.swift in Sources */,
				1F10E2CD23202051005955EE /* BookMarkUserOfFirstCell.swift in Sources */,
				1F10E2AD23191C5B005955EE /* MyInfoViewController.swift in Sources */,
				1F10E2AB23191C5B005955EE /* RankingViewController.swift in Sources */,
				1F10E2B723195668005955EE /* GameCollectionViewCellofCell.swift in Sources */,
				1F10E2CB231EAC99005955EE /* Singleton.swift in Sources */,
				1F10E2C0231AF456005955EE /* RankingCollectionViewCell.swift in Sources */,
			);
			runOnlyForDeploymentPostprocessing = 0;
		};
/* End PBXSourcesBuildPhase section */

/* Begin PBXVariantGroup section */
		1F10E29823191B53005955EE /* Main.storyboard */ = {
			isa = PBXVariantGroup;
			children = (
				1F10E29923191B53005955EE /* Base */,
			);
			name = Main.storyboard;
			sourceTree = "<group>";
		};
		1F10E29D23191B54005955EE /* LaunchScreen.storyboard */ = {
			isa = PBXVariantGroup;
			children = (
				1F10E29E23191B54005955EE /* Base */,
			);
			name = LaunchScreen.storyboard;
			sourceTree = "<group>";
		};
/* End PBXVariantGroup section */

/* Begin XCBuildConfiguration section */
		1F10E2A123191B54005955EE /* Debug */ = {
			isa = XCBuildConfiguration;
			buildSettings = {
				ALWAYS_SEARCH_USER_PATHS = NO;
				CLANG_ANALYZER_NONNULL = YES;
				CLANG_ANALYZER_NUMBER_OBJECT_CONVERSION = YES_AGGRESSIVE;
				CLANG_CXX_LANGUAGE_STANDARD = "gnu++14";
				CLANG_CXX_LIBRARY = "libc++";
				CLANG_ENABLE_MODULES = YES;
				CLANG_ENABLE_OBJC_ARC = YES;
				CLANG_ENABLE_OBJC_WEAK = YES;
				CLANG_WARN_BLOCK_CAPTURE_AUTORELEASING = YES;
				CLANG_WARN_BOOL_CONVERSION = YES;
				CLANG_WARN_COMMA = YES;
				CLANG_WARN_CONSTANT_CONVERSION = YES;
				CLANG_WARN_DEPRECATED_OBJC_IMPLEMENTATIONS = YES;
				CLANG_WARN_DIRECT_OBJC_ISA_USAGE = YES_ERROR;
				CLANG_WARN_DOCUMENTATION_COMMENTS = YES;
				CLANG_WARN_EMPTY_BODY = YES;
				CLANG_WARN_ENUM_CONVERSION = YES;
				CLANG_WARN_INFINITE_RECURSION = YES;
				CLANG_WARN_INT_CONVERSION = YES;
				CLANG_WARN_NON_LITERAL_NULL_CONVERSION = YES;
				CLANG_WARN_OBJC_IMPLICIT_RETAIN_SELF = YES;
				CLANG_WARN_OBJC_LITERAL_CONVERSION = YES;
				CLANG_WARN_OBJC_ROOT_CLASS = YES_ERROR;
				CLANG_WARN_RANGE_LOOP_ANALYSIS = YES;
				CLANG_WARN_STRICT_PROTOTYPES = YES;
				CLANG_WARN_SUSPICIOUS_MOVE = YES;
				CLANG_WARN_UNGUARDED_AVAILABILITY = YES_AGGRESSIVE;
				CLANG_WARN_UNREACHABLE_CODE = YES;
				CLANG_WARN__DUPLICATE_METHOD_MATCH = YES;
				CODE_SIGN_IDENTITY = "iPhone Developer";
				COPY_PHASE_STRIP = NO;
				DEBUG_INFORMATION_FORMAT = dwarf;
				ENABLE_STRICT_OBJC_MSGSEND = YES;
				ENABLE_TESTABILITY = YES;
				GCC_C_LANGUAGE_STANDARD = gnu11;
				GCC_DYNAMIC_NO_PIC = NO;
				GCC_NO_COMMON_BLOCKS = YES;
				GCC_OPTIMIZATION_LEVEL = 0;
				GCC_PREPROCESSOR_DEFINITIONS = (
					"DEBUG=1",
					"$(inherited)",
				);
				GCC_WARN_64_TO_32_BIT_CONVERSION = YES;
				GCC_WARN_ABOUT_RETURN_TYPE = YES_ERROR;
				GCC_WARN_UNDECLARED_SELECTOR = YES;
				GCC_WARN_UNINITIALIZED_AUTOS = YES_AGGRESSIVE;
				GCC_WARN_UNUSED_FUNCTION = YES;
				GCC_WARN_UNUSED_VARIABLE = YES;
				IPHONEOS_DEPLOYMENT_TARGET = 12.2;
				MTL_ENABLE_DEBUG_INFO = INCLUDE_SOURCE;
				MTL_FAST_MATH = YES;
				ONLY_ACTIVE_ARCH = YES;
				SDKROOT = iphoneos;
				SWIFT_ACTIVE_COMPILATION_CONDITIONS = DEBUG;
				SWIFT_OPTIMIZATION_LEVEL = "-Onone";
			};
			name = Debug;
		};
		1F10E2A223191B54005955EE /* Release */ = {
			isa = XCBuildConfiguration;
			buildSettings = {
				ALWAYS_SEARCH_USER_PATHS = NO;
				CLANG_ANALYZER_NONNULL = YES;
				CLANG_ANALYZER_NUMBER_OBJECT_CONVERSION = YES_AGGRESSIVE;
				CLANG_CXX_LANGUAGE_STANDARD = "gnu++14";
				CLANG_CXX_LIBRARY = "libc++";
				CLANG_ENABLE_MODULES = YES;
				CLANG_ENABLE_OBJC_ARC = YES;
				CLANG_ENABLE_OBJC_WEAK = YES;
				CLANG_WARN_BLOCK_CAPTURE_AUTORELEASING = YES;
				CLANG_WARN_BOOL_CONVERSION = YES;
				CLANG_WARN_COMMA = YES;
				CLANG_WARN_CONSTANT_CONVERSION = YES;
				CLANG_WARN_DEPRECATED_OBJC_IMPLEMENTATIONS = YES;
				CLANG_WARN_DIRECT_OBJC_ISA_USAGE = YES_ERROR;
				CLANG_WARN_DOCUMENTATION_COMMENTS = YES;
				CLANG_WARN_EMPTY_BODY = YES;
				CLANG_WARN_ENUM_CONVERSION = YES;
				CLANG_WARN_INFINITE_RECURSION = YES;
				CLANG_WARN_INT_CONVERSION = YES;
				CLANG_WARN_NON_LITERAL_NULL_CONVERSION = YES;
				CLANG_WARN_OBJC_IMPLICIT_RETAIN_SELF = YES;
				CLANG_WARN_OBJC_LITERAL_CONVERSION = YES;
				CLANG_WARN_OBJC_ROOT_CLASS = YES_ERROR;
				CLANG_WARN_RANGE_LOOP_ANALYSIS = YES;
				CLANG_WARN_STRICT_PROTOTYPES = YES;
				CLANG_WARN_SUSPICIOUS_MOVE = YES;
				CLANG_WARN_UNGUARDED_AVAILABILITY = YES_AGGRESSIVE;
				CLANG_WARN_UNREACHABLE_CODE = YES;
				CLANG_WARN__DUPLICATE_METHOD_MATCH = YES;
				CODE_SIGN_IDENTITY = "iPhone Developer";
				COPY_PHASE_STRIP = NO;
				DEBUG_INFORMATION_FORMAT = "dwarf-with-dsym";
				ENABLE_NS_ASSERTIONS = NO;
				ENABLE_STRICT_OBJC_MSGSEND = YES;
				GCC_C_LANGUAGE_STANDARD = gnu11;
				GCC_NO_COMMON_BLOCKS = YES;
				GCC_WARN_64_TO_32_BIT_CONVERSION = YES;
				GCC_WARN_ABOUT_RETURN_TYPE = YES_ERROR;
				GCC_WARN_UNDECLARED_SELECTOR = YES;
				GCC_WARN_UNINITIALIZED_AUTOS = YES_AGGRESSIVE;
				GCC_WARN_UNUSED_FUNCTION = YES;
				GCC_WARN_UNUSED_VARIABLE = YES;
				IPHONEOS_DEPLOYMENT_TARGET = 12.2;
				MTL_ENABLE_DEBUG_INFO = NO;
				MTL_FAST_MATH = YES;
				SDKROOT = iphoneos;
				SWIFT_COMPILATION_MODE = wholemodule;
				SWIFT_OPTIMIZATION_LEVEL = "-O";
				VALIDATE_PRODUCT = YES;
			};
			name = Release;
		};
		1F10E2A423191B54005955EE /* Debug */ = {
			isa = XCBuildConfiguration;
			buildSettings = {
				ASSETCATALOG_COMPILER_APPICON_NAME = AppIcon;
				CODE_SIGN_STYLE = Automatic;
				DEVELOPMENT_TEAM = G4MM77V7NH;
				INFOPLIST_FILE = Wiz/Info.plist;
				LD_RUNPATH_SEARCH_PATHS = (
					"$(inherited)",
					"@executable_path/Frameworks",
				);
				PRODUCT_BUNDLE_IDENTIFIER = brian.Wiz;
				PRODUCT_NAME = "$(TARGET_NAME)";
				SWIFT_VERSION = 5.0;
				TARGETED_DEVICE_FAMILY = "1,2";
			};
			name = Debug;
		};
		1F10E2A523191B54005955EE /* Release */ = {
			isa = XCBuildConfiguration;
			buildSettings = {
				ASSETCATALOG_COMPILER_APPICON_NAME = AppIcon;
				CODE_SIGN_STYLE = Automatic;
				DEVELOPMENT_TEAM = G4MM77V7NH;
				INFOPLIST_FILE = Wiz/Info.plist;
				LD_RUNPATH_SEARCH_PATHS = (
					"$(inherited)",
					"@executable_path/Frameworks",
				);
				PRODUCT_BUNDLE_IDENTIFIER = brian.Wiz;
				PRODUCT_NAME = "$(TARGET_NAME)";
				SWIFT_VERSION = 5.0;
				TARGETED_DEVICE_FAMILY = "1,2";
			};
			name = Release;
		};
/* End XCBuildConfiguration section */

/* Begin XCConfigurationList section */
		1F10E28C23191B53005955EE /* Build configuration list for PBXProject "Wiz" */ = {
			isa = XCConfigurationList;
			buildConfigurations = (
				1F10E2A123191B54005955EE /* Debug */,
				1F10E2A223191B54005955EE /* Release */,
			);
			defaultConfigurationIsVisible = 0;
			defaultConfigurationName = Release;
		};
		1F10E2A323191B54005955EE /* Build configuration list for PBXNativeTarget "Wiz" */ = {
			isa = XCConfigurationList;
			buildConfigurations = (
				1F10E2A423191B54005955EE /* Debug */,
				1F10E2A523191B54005955EE /* Release */,
			);
			defaultConfigurationIsVisible = 0;
			defaultConfigurationName = Release;
		};
/* End XCConfigurationList section */
	};
	rootObject = 1F10E28923191B53005955EE /* Project object */;
}
